{
    "requires": true,
    "lockfileVersion": 1,
    "dependencies": {
        "@dcloudio/uni-ui": {
            "version": "1.0.6",
            "resolved": "https://registry.npmjs.org/@dcloudio/uni-ui/-/uni-ui-1.0.6.tgz",
            "integrity": "sha512-j48O6H8wKZY8ZAuGytrVGq12BnXlGSgScKGNc9aH6Wj9T5q7+MnZ3YH8pjz0vTCwzYadz1c+ocSZ/etp0dQGpQ=="
        },
        "mpvue-picker": {
            "version": "2.1.6",
            "resolved": "https://registry.npmjs.org/mpvue-picker/-/mpvue-picker-2.1.6.tgz",
            "integrity": "sha512-qm4sAw8uFfwIl6CBSyKWij8OcAcLntag3acqeYJy4TgNjaANOrZMx8UaA9dY+NZOrLmFJL/rZwxWKd3rg3O7dA=="
        }
    }
}
